
Microsoft Visual Studio Solution File, Format Version 12.00
# Visual Studio Version 17
VisualStudioVersion = 17.0.31903.59
MinimumVisualStudioVersion = 10.0.40219.1
Project("{FAE04EC0-301F-11D3-BF4B-00C04F79EFBC}") = "Elsa", "..\..\elsa-core\src\modules\Elsa\Elsa.csproj", "{C9AE0C88-6844-2A0B-B491-08825DC2BF85}"
EndProject
Project("{FAE04EC0-301F-11D3-BF4B-00C04F79EFBC}") = "Elsa.Workflows.Core", "..\..\elsa-core\src\modules\Elsa.Workflows.Core\Elsa.Workflows.Core.csproj", "{D747A690-A68E-5295-85EC-A92E3A66D0FC}"
EndProject
Project("{FAE04EC0-301F-11D3-BF4B-00C04F79EFBC}") = "Elsa.Workflows.Management", "..\..\elsa-core\src\modules\Elsa.Workflows.Management\Elsa.Workflows.Management.csproj", "{0DDFD06D-30E9-7E29-A8AA-08EB814182E6}"
EndProject
Project("{FAE04EC0-301F-11D3-BF4B-00C04F79EFBC}") = "Elsa.Workflows.Runtime", "..\..\elsa-core\src\modules\Elsa.Workflows.Runtime\Elsa.Workflows.Runtime.csproj", "{3D262B32-E564-BFB0-025C-BC24BB37C39B}"
EndProject
Global
	GlobalSection(SolutionConfigurationPlatforms) = preSolution
		Debug|Any CPU = Debug|Any CPU
		Release|Any CPU = Release|Any CPU
	EndGlobalSection
	GlobalSection(ProjectConfigurationPlatforms) = postSolution
		{C9AE0C88-6844-2A0B-B491-08825DC2BF85}.Debug|Any CPU.ActiveCfg = Debug|Any CPU
		{C9AE0C88-6844-2A0B-B491-08825DC2BF85}.Debug|Any CPU.Build.0 = Debug|Any CPU
		{C9AE0C88-6844-2A0B-B491-08825DC2BF85}.Release|Any CPU.ActiveCfg = Release|Any CPU
		{C9AE0C88-6844-2A0B-B491-08825DC2BF85}.Release|Any CPU.Build.0 = Release|Any CPU
		{D747A690-A68E-5295-85EC-A92E3A66D0FC}.Debug|Any CPU.ActiveCfg = Debug|Any CPU
		{D747A690-A68E-5295-85EC-A92E3A66D0FC}.Debug|Any CPU.Build.0 = Debug|Any CPU
		{D747A690-A68E-5295-85EC-A92E3A66D0FC}.Release|Any CPU.ActiveCfg = Release|Any CPU
		{D747A690-A68E-5295-85EC-A92E3A66D0FC}.Release|Any CPU.Build.0 = Release|Any CPU
		{0DDFD06D-30E9-7E29-A8AA-08EB814182E6}.Debug|Any CPU.ActiveCfg = Debug|Any CPU
		{0DDFD06D-30E9-7E29-A8AA-08EB814182E6}.Debug|Any CPU.Build.0 = Debug|Any CPU
		{0DDFD06D-30E9-7E29-A8AA-08EB814182E6}.Release|Any CPU.ActiveCfg = Release|Any CPU
		{0DDFD06D-30E9-7E29-A8AA-08EB814182E6}.Release|Any CPU.Build.0 = Release|Any CPU
		{3D262B32-E564-BFB0-025C-BC24BB37C39B}.Debug|Any CPU.ActiveCfg = Debug|Any CPU
		{3D262B32-E564-BFB0-025C-BC24BB37C39B}.Debug|Any CPU.Build.0 = Debug|Any CPU
		{3D262B32-E564-BFB0-025C-BC24BB37C39B}.Release|Any CPU.ActiveCfg = Release|Any CPU
		{3D262B32-E564-BFB0-025C-BC24BB37C39B}.Release|Any CPU.Build.0 = Release|Any CPU
	EndGlobalSection
	GlobalSection(SolutionProperties) = preSolution
		HideSolutionNode = FALSE
	EndGlobalSection
	GlobalSection(ExtensibilityGlobals) = postSolution
		SolutionGuid = {9484DAC5-F2F2-453D-944C-F94C64268E77}
	EndGlobalSection
EndGlobal
